// !$*UTF8*$!
{
	archiveVersion = 1;
	classes = {
	};
	objectVersion = 77;
	objects = {

/* Begin PBXContainerItemProxy section */
		02E66E9A2CF8E033009ABB81 /* PBXContainerItemProxy */ = {
			isa = PBXContainerItemProxy;
			containerPortal = 02E66E812CF8E032009ABB81 /* Project object */;
			proxyType = 1;
			remoteGlobalIDString = 02E66E882CF8E032009ABB81;
			remoteInfo = "Tutorial App";
		};
		02E66EA42CF8E033009ABB81 /* PBXContainerItemProxy */ = {
			isa = PBXContainerItemProxy;
			containerPortal = 02E66E812CF8E032009ABB81 /* Project object */;
			proxyType = 1;
			remoteGlobalIDString = 02E66E882CF8E032009ABB81;
			remoteInfo = "Tutorial App";
		};
/* End PBXContainerItemProxy section */

/* Begin PBXFileReference section */
		02E66E892CF8E032009ABB81 /* Tutorial App.app */ = {isa = PBXFileReference; explicitFileType = wrapper.application; includeInIndex = 0; path = "Tutorial App.app"; sourceTree = BUILT_PRODUCTS_DIR; };
		02E66E992CF8E033009ABB81 /* Tutorial AppTests.xctest */ = {isa = PBXFileReference; explicitFileType = wrapper.cfbundle; includeInIndex = 0; path = "Tutorial AppTests.xctest"; sourceTree = BUILT_PRODUCTS_DIR; };
		02E66EA32CF8E033009ABB81 /* Tutorial AppUITests.xctest */ = {isa = PBXFileReference; explicitFileType = wrapper.cfbundle; includeInIndex = 0; path = "Tutorial AppUITests.xctest"; sourceTree = BUILT_PRODUCTS_DIR; };
/* End PBXFileReference section */

/* Begin PBXFileSystemSynchronizedRootGroup section */
		02E66E8B2CF8E032009ABB81 /* Tutorial App */ = {
			isa = PBXFileSystemSynchronizedRootGroup;
			path = "Tutorial App";
			sourceTree = "<group>";
		};
		02E66E9C2CF8E033009ABB81 /* Tutorial AppTests */ = {
			isa = PBXFileSystemSynchronizedRootGroup;
			path = "Tutorial AppTests";
			sourceTree = "<group>";
		};
		02E66EA62CF8E033009ABB81 /* Tutorial AppUITests */ = {
			isa = PBXFileSystemSynchronizedRootGroup;
			path = "Tutorial AppUITests";
			sourceTree = "<group>";
		};
/* End PBXFileSystemSynchronizedRootGroup section */

/* Begin PBXFrameworksBuildPhase section */
		02E66E862CF8E032009ABB81 /* Frameworks */ = {
			isa = PBXFrameworksBuildPhase;
			buildActionMask = 2147483647;
			files = (
			);
			runOnlyForDeploymentPostprocessing = 0;
		};
		02E66E962CF8E033009ABB81 /* Frameworks */ = {
			isa = PBXFrameworksBuildPhase;
			buildActionMask = 2147483647;
			files = (
			);
			runOnlyForDeploymentPostprocessing = 0;
		};
		02E66EA02CF8E033009ABB81 /* Frameworks */ = {
			isa = PBXFrameworksBuildPhase;
			buildActionMask = 2147483647;
			files = (
			);
			runOnlyForDeploymentPostprocessing = 0;
		};
/* End PBXFrameworksBuildPhase section */

/* Begin PBXGroup section */
		02E66E802CF8E032009ABB81 = {
			isa = PBXGroup;
			children = (
				02E66E8B2CF8E032009ABB81 /* Tutorial App */,
				02E66E9C2CF8E033009ABB81 /* Tutorial AppTests */,
				02E66EA62CF8E033009ABB81 /* Tutorial AppUITests */,
				02E66E8A2CF8E032009ABB81 /* Products */,
			);
			sourceTree = "<group>";
		};
		02E66E8A2CF8E032009ABB81 /* Products */ = {
			isa = PBXGroup;
			children = (
				02E66E892CF8E032009ABB81 /* Tutorial App.app */,
				02E66E992CF8E033009ABB81 /* Tutorial AppTests.xctest */,
				02E66EA32CF8E033009ABB81 /* Tutorial AppUITests.xctest */,
			);
			name = Products;
			sourceTree = "<group>";
		};
/* End PBXGroup section */

/* Begin PBXNativeTarget section */
		02E66E882CF8E032009ABB81 /* Tutorial App */ = {
			isa = PBXNativeTarget;
			buildConfigurationList = 02E66EAD2CF8E033009ABB81 /* Build configuration list for PBXNativeTarget "Tutorial App" */;
			buildPhases = (
				02E66E852CF8E032009ABB81 /* Sources */,
				02E66E862CF8E032009ABB81 /* Frameworks */,
				02E66E872CF8E032009ABB81 /* Resources */,
			);
			buildRules = (
			);
			dependencies = (
			);
			fileSystemSynchronizedGroups = (
				02E66E8B2CF8E032009ABB81 /* Tutorial App */,
			);
			name = "Tutorial App";
			packageProductDependencies = (
			);
			productName = "Tutorial App";
			productReference = 02E66E892CF8E032009ABB81 /* Tutorial App.app */;
			productType = "com.apple.product-type.application";
		};
		02E66E982CF8E033009ABB81 /* Tutorial AppTests */ = {
			isa = PBXNativeTarget;
			buildConfigurationList = 02E66EB02CF8E033009ABB81 /* Build configuration list for PBXNativeTarget "Tutorial AppTests" */;
			buildPhases = (
				02E66E952CF8E033009ABB81 /* Sources */,
				02E66E962CF8E033009ABB81 /* Frameworks */,
				02E66E972CF8E033009ABB81 /* Resources */,
			);
			buildRules = (
			);
			dependencies = (
				02E66E9B2CF8E033009ABB81 /* PBXTargetDependency */,
			);
			fileSystemSynchronizedGroups = (
				02E66E9C2CF8E033009ABB81 /* Tutorial AppTests */,
			);
			name = "Tutorial AppTests";
			packageProductDependencies = (
			);
			productName = "Tutorial AppTests";
			productReference = 02E66E992CF8E033009ABB81 /* Tutorial AppTests.xctest */;
			productType = "com.apple.product-type.bundle.unit-test";
		};
		02E66EA22CF8E033009ABB81 /* Tutorial AppUITests */ = {
			isa = PBXNativeTarget;
			buildConfigurationList = 02E66EB32CF8E033009ABB81 /* Build configuration list for PBXNativeTarget "Tutorial AppUITests" */;
			buildPhases = (
				02E66E9F2CF8E033009ABB81 /* Sources */,
				02E66EA02CF8E033009ABB81 /* Frameworks */,
				02E66EA12CF8E033009ABB81 /* Resources */,
			);
			buildRules = (
			);
			dependencies = (
				02E66EA52CF8E033009ABB81 /* PBXTargetDependency */,
			);
			fileSystemSynchronizedGroups = (
				02E66EA62CF8E033009ABB81 /* Tutorial AppUITests */,
			);
			name = "Tutorial AppUITests";
			packageProductDependencies = (
			);
			productName = "Tutorial AppUITests";
			productReference = 02E66EA32CF8E033009ABB81 /* Tutorial AppUITests.xctest */;
			productType = "com.apple.product-type.bundle.ui-testing";
		};
/* End PBXNativeTarget section */

/* Begin PBXProject section */
		02E66E812CF8E032009ABB81 /* Project object */ = {
			isa = PBXProject;
			attributes = {
				BuildIndependentTargetsInParallel = 1;
				LastSwiftUpdateCheck = 1610;
				LastUpgradeCheck = 1610;
				TargetAttributes = {
					02E66E882CF8E032009ABB81 = {
						CreatedOnToolsVersion = 16.1;
					};
					02E66E982CF8E033009ABB81 = {
						CreatedOnToolsVersion = 16.1;
						TestTargetID = 02E66E882CF8E032009ABB81;
					};
					02E66EA22CF8E033009ABB81 = {
						CreatedOnToolsVersion = 16.1;
						TestTargetID = 02E66E882CF8E032009ABB81;
					};
				};
			};
			buildConfigurationList = 02E66E842CF8E032009ABB81 /* Build configuration list for PBXProject "Tutorial App" */;
			developmentRegion = en;
			hasScannedForEncodings = 0;
			knownRegions = (
				en,
				Base,
			);
			mainGroup = 02E66E802CF8E032009ABB81;
			minimizedProjectReferenceProxies = 1;
			preferredProjectObjectVersion = 77;
			productRefGroup = 02E66E8A2CF8E032009ABB81 /* Products */;
			projectDirPath = "";
			projectRoot = "";
			targets = (
				02E66E882CF8E032009ABB81 /* Tutorial App */,
				02E66E982CF8E033009ABB81 /* Tutorial AppTests */,
				02E66EA22CF8E033009ABB81 /* Tutorial AppUITests */,
			);
		};
/* End PBXProject section */

/* Begin PBXResourcesBuildPhase section */
		02E66E872CF8E032009ABB81 /* Resources */ = {
			isa = PBXResourcesBuildPhase;
			buildActionMask = 2147483647;
			files = (
			);
			runOnlyForDeploymentPostprocessing = 0;
		};
		02E66E972CF8E033009ABB81 /* Resources */ = {
			isa = PBXResourcesBuildPhase;
			buildActionMask = 2147483647;
			files = (
			);
			runOnlyForDeploymentPostprocessing = 0;
		};
		02E66EA12CF8E033009ABB81 /* Resources */ = {
			isa = PBXResourcesBuildPhase;
			buildActionMask = 2147483647;
			files = (
			);
			runOnlyForDeploymentPostprocessing = 0;
		};
/* End PBXResourcesBuildPhase section */

/* Begin PBXSourcesBuildPhase section */
		02E66E852CF8E032009ABB81 /* Sources */ = {
			isa = PBXSourcesBuildPhase;
			buildActionMask = 2147483647;
			files = (
			);
			runOnlyForDeploymentPostprocessing = 0;
		};
		02E66E952CF8E033009ABB81 /* Sources */ = {
			isa = PBXSourcesBuildPhase;
			buildActionMask = 2147483647;
			files = (
			);
			runOnlyForDeploymentPostprocessing = 0;
		};
		02E66E9F2CF8E033009ABB81 /* Sources */ = {
			isa = PBXSourcesBuildPhase;
			buildActionMask = 2147483647;
			files = (
			);
			runOnlyForDeploymentPostprocessing = 0;
		};
/* End PBXSourcesBuildPhase section */

/* Begin PBXTargetDependency section */
		02E66E9B2CF8E033009ABB81 /* PBXTargetDependency */ = {
			isa = PBXTargetDependency;
			target = 02E66E882CF8E032009ABB81 /* Tutorial App */;
			targetProxy = 02E66E9A2CF8E033009ABB81 /* PBXContainerItemProxy */;
		};
		02E66EA52CF8E033009ABB81 /* PBXTargetDependency */ = {
			isa = PBXTargetDependency;
			target = 02E66E882CF8E032009ABB81 /* Tutorial App */;
			targetProxy = 02E66EA42CF8E033009ABB81 /* PBXContainerItemProxy */;
		};
/* End PBXTargetDependency section */

/* Begin XCBuildConfiguration section */
		02E66EAB2CF8E033009ABB81 /* Debug */ = {
			isa = XCBuildConfiguration;
			buildSettings = {
				ALWAYS_SEARCH_USER_PATHS = NO;
				ASSETCATALOG_COMPILER_GENERATE_SWIFT_ASSET_SYMBOL_EXTENSIONS = YES;
				CLANG_ANALYZER_NONNULL = YES;
				CLANG_ANALYZER_NUMBER_OBJECT_CONVERSION = YES_AGGRESSIVE;
				CLANG_CXX_LANGUAGE_STANDARD = "gnu++20";
				CLANG_ENABLE_MODULES = YES;
				CLANG_ENABLE_OBJC_ARC = YES;
				CLANG_ENABLE_OBJC_WEAK = YES;
				CLANG_WARN_BLOCK_CAPTURE_AUTORELEASING = YES;
				CLANG_WARN_BOOL_CONVERSION = YES;
				CLANG_WARN_COMMA = YES;
				CLANG_WARN_CONSTANT_CONVERSION = YES;
				CLANG_WARN_DEPRECATED_OBJC_IMPLEMENTATIONS = YES;
				CLANG_WARN_DIRECT_OBJC_ISA_USAGE = YES_ERROR;
				CLANG_WARN_DOCUMENTATION_COMMENTS = YES;
				CLANG_WARN_EMPTY_BODY = YES;
				CLANG_WARN_ENUM_CONVERSION = YES;
				CLANG_WARN_INFINITE_RECURSION = YES;
				CLANG_WARN_INT_CONVERSION = YES;
				CLANG_WARN_NON_LITERAL_NULL_CONVERSION = YES;
				CLANG_WARN_OBJC_IMPLICIT_RETAIN_SELF = YES;
				CLANG_WARN_OBJC_LITERAL_CONVERSION = YES;
				CLANG_WARN_OBJC_ROOT_CLASS = YES_ERROR;
				CLANG_WARN_QUOTED_INCLUDE_IN_FRAMEWORK_HEADER = YES;
				CLANG_WARN_RANGE_LOOP_ANALYSIS = YES;
				CLANG_WARN_STRICT_PROTOTYPES = YES;
				CLANG_WARN_SUSPICIOUS_MOVE = YES;
				CLANG_WARN_UNGUARDED_AVAILABILITY = YES_AGGRESSIVE;
				CLANG_WARN_UNREACHABLE_CODE = YES;
				CLANG_WARN__DUPLICATE_METHOD_MATCH = YES;
				COPY_PHASE_STRIP = NO;
				DEBUG_INFORMATION_FORMAT = dwarf;
				ENABLE_STRICT_OBJC_MSGSEND = YES;
				ENABLE_TESTABILITY = YES;
				ENABLE_USER_SCRIPT_SANDBOXING = YES;
				GCC_C_LANGUAGE_STANDARD = gnu17;
				GCC_DYNAMIC_NO_PIC = NO;
				GCC_NO_COMMON_BLOCKS = YES;
				GCC_OPTIMIZATION_LEVEL = 0;
				GCC_PREPROCESSOR_DEFINITIONS = (
					"DEBUG=1",
					"$(inherited)",
				);
				GCC_WARN_64_TO_32_BIT_CONVERSION = YES;
				GCC_WARN_ABOUT_RETURN_TYPE = YES_ERROR;
				GCC_WARN_UNDECLARED_SELECTOR = YES;
				GCC_WARN_UNINITIALIZED_AUTOS = YES_AGGRESSIVE;
				GCC_WARN_UNUSED_FUNCTION = YES;
				GCC_WARN_UNUSED_VARIABLE = YES;
				IPHONEOS_DEPLOYMENT_TARGET = 18.1;
				LOCALIZATION_PREFERS_STRING_CATALOGS = YES;
				MTL_ENABLE_DEBUG_INFO = INCLUDE_SOURCE;
				MTL_FAST_MATH = YES;
				ONLY_ACTIVE_ARCH = YES;
				SDKROOT = iphoneos;
				SWIFT_ACTIVE_COMPILATION_CONDITIONS = "DEBUG $(inherited)";
				SWIFT_OPTIMIZATION_LEVEL = "-Onone";
			};
			name = Debug;
		};
		02E66EAC2CF8E033009ABB81 /* Release */ = {
			isa = XCBuildConfiguration;
			buildSettings = {
				ALWAYS_SEARCH_USER_PATHS = NO;
				ASSETCATALOG_COMPILER_GENERATE_SWIFT_ASSET_SYMBOL_EXTENSIONS = YES;
				CLANG_ANALYZER_NONNULL = YES;
				CLANG_ANALYZER_NUMBER_OBJECT_CONVERSION = YES_AGGRESSIVE;
				CLANG_CXX_LANGUAGE_STANDARD = "gnu++20";
				CLANG_ENABLE_MODULES = YES;
				CLANG_ENABLE_OBJC_ARC = YES;
				CLANG_ENABLE_OBJC_WEAK = YES;
				CLANG_WARN_BLOCK_CAPTURE_AUTORELEASING = YES;
				CLANG_WARN_BOOL_CONVERSION = YES;
				CLANG_WARN_COMMA = YES;
				CLANG_WARN_CONSTANT_CONVERSION = YES;
				CLANG_WARN_DEPRECATED_OBJC_IMPLEMENTATIONS = YES;
				CLANG_WARN_DIRECT_OBJC_ISA_USAGE = YES_ERROR;
				CLANG_WARN_DOCUMENTATION_COMMENTS = YES;
				CLANG_WARN_EMPTY_BODY = YES;
				CLANG_WARN_ENUM_CONVERSION = YES;
				CLANG_WARN_INFINITE_RECURSION = YES;
				CLANG_WARN_INT_CONVERSION = YES;
				CLANG_WARN_NON_LITERAL_NULL_CONVERSION = YES;
				CLANG_WARN_OBJC_IMPLICIT_RETAIN_SELF = YES;
				CLANG_WARN_OBJC_LITERAL_CONVERSION = YES;
				CLANG_WARN_OBJC_ROOT_CLASS = YES_ERROR;
				CLANG_WARN_QUOTED_INCLUDE_IN_FRAMEWORK_HEADER = YES;
				CLANG_WARN_RANGE_LOOP_ANALYSIS = YES;
				CLANG_WARN_STRICT_PROTOTYPES = YES;
				CLANG_WARN_SUSPICIOUS_MOVE = YES;
				CLANG_WARN_UNGUARDED_AVAILABILITY = YES_AGGRESSIVE;
				CLANG_WARN_UNREACHABLE_CODE = YES;
				CLANG_WARN__DUPLICATE_METHOD_MATCH = YES;
				COPY_PHASE_STRIP = NO;
				DEBUG_INFORMATION_FORMAT = "dwarf-with-dsym";
				ENABLE_NS_ASSERTIONS = NO;
				ENABLE_STRICT_OBJC_MSGSEND = YES;
				ENABLE_USER_SCRIPT_SANDBOXING = YES;
				GCC_C_LANGUAGE_STANDARD = gnu17;
				GCC_NO_COMMON_BLOCKS = YES;
				GCC_WARN_64_TO_32_BIT_CONVERSION = YES;
				GCC_WARN_ABOUT_RETURN_TYPE = YES_ERROR;
				GCC_WARN_UNDECLARED_SELECTOR = YES;
				GCC_WARN_UNINITIALIZED_AUTOS = YES_AGGRESSIVE;
				GCC_WARN_UNUSED_FUNCTION = YES;
				GCC_WARN_UNUSED_VARIABLE = YES;
				IPHONEOS_DEPLOYMENT_TARGET = 18.1;
				LOCALIZATION_PREFERS_STRING_CATALOGS = YES;
				MTL_ENABLE_DEBUG_INFO = NO;
				MTL_FAST_MATH = YES;
				SDKROOT = iphoneos;
				SWIFT_COMPILATION_MODE = wholemodule;
				VALIDATE_PRODUCT = YES;
			};
			name = Release;
		};
		02E66EAE2CF8E033009ABB81 /* Debug */ = {
			isa = XCBuildConfiguration;
			buildSettings = {
				ASSETCATALOG_COMPILER_APPICON_NAME = AppIcon;
				ASSETCATALOG_COMPILER_GLOBAL_ACCENT_COLOR_NAME = AccentColor;
				CODE_SIGN_STYLE = Automatic;
				CURRENT_PROJECT_VERSION = 1;
				DEVELOPMENT_ASSET_PATHS = "\"Tutorial App/Preview Content\"";
				DEVELOPMENT_TEAM = M4ADYY59T9;
				ENABLE_PREVIEWS = YES;
				GENERATE_INFOPLIST_FILE = YES;
				INFOPLIST_KEY_UIApplicationSceneManifest_Generation = YES;
				INFOPLIST_KEY_UIApplicationSupportsIndirectInputEvents = YES;
				INFOPLIST_KEY_UILaunchScreen_Generation = YES;
				INFOPLIST_KEY_UISupportedInterfaceOrientations_iPad = "UIInterfaceOrientationPortrait UIInterfaceOrientationPortraitUpsideDown UIInterfaceOrientationLandscapeLeft UIInterfaceOrientationLandscapeRight";
				INFOPLIST_KEY_UISupportedInterfaceOrientations_iPhone = "UIInterfaceOrientationPortrait UIInterfaceOrientationLandscapeLeft UIInterfaceOrientationLandscapeRight";
				LD_RUNPATH_SEARCH_PATHS = (
					"$(inherited)",
					"@executable_path/Frameworks",
				);
				MARKETING_VERSION = 1.0;
				PRODUCT_BUNDLE_IDENTIFIER = "com.tutorial.Tutorial-App";
				PRODUCT_NAME = "$(TARGET_NAME)";
				SWIFT_EMIT_LOC_STRINGS = YES;
				SWIFT_VERSION = 5.0;
				TARGETED_DEVICE_FAMILY = "1,2";
			};
			name = Debug;
		};
		02E66EAF2CF8E033009ABB81 /* Release */ = {
			isa = XCBuildConfiguration;
			buildSettings = {
				ASSETCATALOG_COMPILER_APPICON_NAME = AppIcon;
				ASSETCATALOG_COMPILER_GLOBAL_ACCENT_COLOR_NAME = AccentColor;
				CODE_SIGN_STYLE = Automatic;
				CURRENT_PROJECT_VERSION = 1;
				DEVELOPMENT_ASSET_PATHS = "\"Tutorial App/Preview Content\"";
				DEVELOPMENT_TEAM = M4ADYY59T9;
				ENABLE_PREVIEWS = YES;
				GENERATE_INFOPLIST_FILE = YES;
				INFOPLIST_KEY_UIApplicationSceneManifest_Generation = YES;
				INFOPLIST_KEY_UIApplicationSupportsIndirectInputEvents = YES;
				INFOPLIST_KEY_UILaunchScreen_Generation = YES;
				INFOPLIST_KEY_UISupportedInterfaceOrientations_iPad = "UIInterfaceOrientationPortrait UIInterfaceOrientationPortraitUpsideDown UIInterfaceOrientationLandscapeLeft UIInterfaceOrientationLandscapeRight";
				INFOPLIST_KEY_UISupportedInterfaceOrientations_iPhone = "UIInterfaceOrientationPortrait UIInterfaceOrientationLandscapeLeft UIInterfaceOrientationLandscapeRight";
				LD_RUNPATH_SEARCH_PATHS = (
					"$(inherited)",
					"@executable_path/Frameworks",
				);
				MARKETING_VERSION = 1.0;
				PRODUCT_BUNDLE_IDENTIFIER = "com.tutorial.Tutorial-App";
				PRODUCT_NAME = "$(TARGET_NAME)";
				SWIFT_EMIT_LOC_STRINGS = YES;
				SWIFT_VERSION = 5.0;
				TARGETED_DEVICE_FAMILY = "1,2";
			};
			name = Release;
		};
		02E66EB12CF8E033009ABB81 /* Debug */ = {
			isa = XCBuildConfiguration;
			buildSettings = {
				BUNDLE_LOADER = "$(TEST_HOST)";
				CODE_SIGN_STYLE = Automatic;
				CURRENT_PROJECT_VERSION = 1;
				DEVELOPMENT_TEAM = M4ADYY59T9;
				GENERATE_INFOPLIST_FILE = YES;
				IPHONEOS_DEPLOYMENT_TARGET = 18.1;
				MARKETING_VERSION = 1.0;
				PRODUCT_BUNDLE_IDENTIFIER = "com.tutorial.Tutorial-AppTests";
				PRODUCT_NAME = "$(TARGET_NAME)";
				SWIFT_EMIT_LOC_STRINGS = NO;
				SWIFT_VERSION = 5.0;
				TARGETED_DEVICE_FAMILY = "1,2";
				TEST_HOST = "$(BUILT_PRODUCTS_DIR)/Tutorial App.app/$(BUNDLE_EXECUTABLE_FOLDER_PATH)/Tutorial App";
			};
			name = Debug;
		};
		02E66EB22CF8E033009ABB81 /* Release */ = {
			isa = XCBuildConfiguration;
			buildSettings = {
				BUNDLE_LOADER = "$(TEST_HOST)";
				CODE_SIGN_STYLE = Automatic;
				CURRENT_PROJECT_VERSION = 1;
				DEVELOPMENT_TEAM = M4ADYY59T9;
				GENERATE_INFOPLIST_FILE = YES;
				IPHONEOS_DEPLOYMENT_TARGET = 18.1;
				MARKETING_VERSION = 1.0;
				PRODUCT_BUNDLE_IDENTIFIER = "com.tutorial.Tutorial-AppTests";
				PRODUCT_NAME = "$(TARGET_NAME)";
				SWIFT_EMIT_LOC_STRINGS = NO;
				SWIFT_VERSION = 5.0;
				TARGETED_DEVICE_FAMILY = "1,2";
				TEST_HOST = "$(BUILT_PRODUCTS_DIR)/Tutorial App.app/$(BUNDLE_EXECUTABLE_FOLDER_PATH)/Tutorial App";
			};
			name = Release;
		};
		02E66EB42CF8E033009ABB81 /* Debug */ = {
			isa = XCBuildConfiguration;
			buildSettings = {
				CODE_SIGN_STYLE = Automatic;
				CURRENT_PROJECT_VERSION = 1;
				DEVELOPMENT_TEAM = M4ADYY59T9;
				GENERATE_INFOPLIST_FILE = YES;
				MARKETING_VERSION = 1.0;
				PRODUCT_BUNDLE_IDENTIFIER = "com.tutorial.Tutorial-AppUITests";
				PRODUCT_NAME = "$(TARGET_NAME)";
				SWIFT_EMIT_LOC_STRINGS = NO;
				SWIFT_VERSION = 5.0;
				TARGETED_DEVICE_FAMILY = "1,2";
				TEST_TARGET_NAME = "Tutorial App";
			};
			name = Debug;
		};
		02E66EB52CF8E033009ABB81 /* Release */ = {
			isa = XCBuildConfiguration;
			buildSettings = {
				CODE_SIGN_STYLE = Automatic;
				CURRENT_PROJECT_VERSION = 1;
				DEVELOPMENT_TEAM = M4ADYY59T9;
				GENERATE_INFOPLIST_FILE = YES;
				MARKETING_VERSION = 1.0;
				PRODUCT_BUNDLE_IDENTIFIER = "com.tutorial.Tutorial-AppUITests";
				PRODUCT_NAME = "$(TARGET_NAME)";
				SWIFT_EMIT_LOC_STRINGS = NO;
				SWIFT_VERSION = 5.0;
				TARGETED_DEVICE_FAMILY = "1,2";
				TEST_TARGET_NAME = "Tutorial App";
			};
			name = Release;
		};
/* End XCBuildConfiguration section */

/* Begin XCConfigurationList section */
		02E66E842CF8E032009ABB81 /* Build configuration list for PBXProject "Tutorial App" */ = {
			isa = XCConfigurationList;
			buildConfigurations = (
				02E66EAB2CF8E033009ABB81 /* Debug */,
				02E66EAC2CF8E033009ABB81 /* Release */,
			);
			defaultConfigurationIsVisible = 0;
			defaultConfigurationName = Release;
		};
		02E66EAD2CF8E033009ABB81 /* Build configuration list for PBXNativeTarget "Tutorial App" */ = {
			isa = XCConfigurationList;
			buildConfigurations = (
				02E66EAE2CF8E033009ABB81 /* Debug */,
				02E66EAF2CF8E033009ABB81 /* Release */,
			);
			defaultConfigurationIsVisible = 0;
			defaultConfigurationName = Release;
		};
		02E66EB02CF8E033009ABB81 /* Build configuration list for PBXNativeTarget "Tutorial AppTests" */ = {
			isa = XCConfigurationList;
			buildConfigurations = (
				02E66EB12CF8E033009ABB81 /* Debug */,
				02E66EB22CF8E033009ABB81 /* Release */,
			);
			defaultConfigurationIsVisible = 0;
			defaultConfigurationName = Release;
		};
		02E66EB32CF8E033009ABB81 /* Build configuration list for PBXNativeTarget "Tutorial AppUITests" */ = {
			isa = XCConfigurationList;
			buildConfigurations = (
				02E66EB42CF8E033009ABB81 /* Debug */,
				02E66EB52CF8E033009ABB81 /* Release */,
			);
			defaultConfigurationIsVisible = 0;
			defaultConfigurationName = Release;
		};
/* End XCConfigurationList section */
	};
	rootObject = 02E66E812CF8E032009ABB81 /* Project object */;
}
